
Microsoft Visual Studio Solution File, Format Version 12.00
# Visual Studio Version 16
VisualStudioVersion = 16.0.29613.14
MinimumVisualStudioVersion = 10.0.40219.1
Project("{FAE04EC0-301F-11D3-BF4B-00C04F79EFBC}") = "Pizzeria", "Pizzeria\Pizzeria.csproj", "{379E5E90-23C7-4FB2-8A06-3E0ABFBF91D0}"
EndProject
Global
	GlobalSection(SolutionConfigurationPlatforms) = preSolution
		Debug|Any CPU = Debug|Any CPU
		Release|Any CPU = Release|Any CPU
	EndGlobalSection
	GlobalSection(ProjectConfigurationPlatforms) = postSolution
		{379E5E90-23C7-4FB2-8A06-3E0ABFBF91D0}.Debug|Any CPU.ActiveCfg = Debug|Any CPU
		{379E5E90-23C7-4FB2-8A06-3E0ABFBF91D0}.Debug|Any CPU.Build.0 = Debug|Any CPU
		{379E5E90-23C7-4FB2-8A06-3E0ABFBF91D0}.Release|Any CPU.ActiveCfg = Release|Any CPU
		{379E5E90-23C7-4FB2-8A06-3E0ABFBF91D0}.Release|Any CPU.Build.0 = Release|Any CPU
	EndGlobalSection
	GlobalSection(SolutionProperties) = preSolution
		HideSolutionNode = FALSE
	EndGlobalSection
	GlobalSection(ExtensibilityGlobals) = postSolution
		SolutionGuid = {FF7B4086-33EE-42D1-9914-2AD1E7B66692}
	EndGlobalSection
EndGlobal
